
Microsoft Visual Studio Solution File, Format Version 12.00
# Visual Studio 15
VisualStudioVersion = 15.0.28010.2046
MinimumVisualStudioVersion = 10.0.40219.1
Project("{FAE04EC0-301F-11D3-BF4B-00C04F79EFBC}") = "AIPainter", "AIDrawer\AIPainter.csproj", "{BD28CB88-2913-4123-BDD8-9CEF59B82E5D}"
EndProject
Project("{2150E333-8FDC-42A3-9474-1A3956D46DE8}") = "Monalisa 30X22 px", "Monalisa 30X22 px", "{FAE9AA00-F43F-4C4A-88D0-084C38273712}"
	ProjectSection(SolutionItems) = preProject
		C:\monalisaBest\0.bmp = C:\monalisaBest\0.bmp
		C:\monalisaBest\1.bmp = C:\monalisaBest\1.bmp
		C:\monalisaBest\10.bmp = C:\monalisaBest\10.bmp
		C:\monalisaBest\100.bmp = C:\monalisaBest\100.bmp
		C:\monalisaBest\1013.bmp = C:\monalisaBest\1013.bmp
		C:\monalisaBest\106.bmp = C:\monalisaBest\106.bmp
		C:\monalisaBest\1076.bmp = C:\monalisaBest\1076.bmp
		C:\monalisaBest\1088.bmp = C:\monalisaBest\1088.bmp
		C:\monalisaBest\109.bmp = C:\monalisaBest\109.bmp
		C:\monalisaBest\11.bmp = C:\monalisaBest\11.bmp
		C:\monalisaBest\110.bmp = C:\monalisaBest\110.bmp
		C:\monalisaBest\1130.bmp = C:\monalisaBest\1130.bmp
		C:\monalisaBest\115.bmp = C:\monalisaBest\115.bmp
		C:\monalisaBest\116.bmp = C:\monalisaBest\116.bmp
		C:\monalisaBest\117.bmp = C:\monalisaBest\117.bmp
		C:\monalisaBest\1188.bmp = C:\monalisaBest\1188.bmp
		C:\monalisaBest\1197.bmp = C:\monalisaBest\1197.bmp
		C:\monalisaBest\12.bmp = C:\monalisaBest\12.bmp
		C:\monalisaBest\1201.bmp = C:\monalisaBest\1201.bmp
		C:\monalisaBest\1204.bmp = C:\monalisaBest\1204.bmp
		C:\monalisaBest\121.bmp = C:\monalisaBest\121.bmp
		C:\monalisaBest\1221.bmp = C:\monalisaBest\1221.bmp
		C:\monalisaBest\125.bmp = C:\monalisaBest\125.bmp
		C:\monalisaBest\1250.bmp = C:\monalisaBest\1250.bmp
		C:\monalisaBest\1286.bmp = C:\monalisaBest\1286.bmp
		C:\monalisaBest\13.bmp = C:\monalisaBest\13.bmp
		C:\monalisaBest\130.bmp = C:\monalisaBest\130.bmp
		C:\monalisaBest\1319.bmp = C:\monalisaBest\1319.bmp
		C:\monalisaBest\1391.bmp = C:\monalisaBest\1391.bmp
		C:\monalisaBest\1396.bmp = C:\monalisaBest\1396.bmp
		C:\monalisaBest\14.bmp = C:\monalisaBest\14.bmp
		C:\monalisaBest\1411.bmp = C:\monalisaBest\1411.bmp
		C:\monalisaBest\145.bmp = C:\monalisaBest\145.bmp
		C:\monalisaBest\146.bmp = C:\monalisaBest\146.bmp
		C:\monalisaBest\148.bmp = C:\monalisaBest\148.bmp
		C:\monalisaBest\149.bmp = C:\monalisaBest\149.bmp
		C:\monalisaBest\15.bmp = C:\monalisaBest\15.bmp
		C:\monalisaBest\1505.bmp = C:\monalisaBest\1505.bmp
		C:\monalisaBest\1509.bmp = C:\monalisaBest\1509.bmp
		C:\monalisaBest\151.bmp = C:\monalisaBest\151.bmp
		C:\monalisaBest\1516.bmp = C:\monalisaBest\1516.bmp
		C:\monalisaBest\1529.bmp = C:\monalisaBest\1529.bmp
		C:\monalisaBest\1539.bmp = C:\monalisaBest\1539.bmp
		C:\monalisaBest\154.bmp = C:\monalisaBest\154.bmp
		C:\monalisaBest\157.bmp = C:\monalisaBest\157.bmp
		C:\monalisaBest\16.bmp = C:\monalisaBest\16.bmp
		C:\monalisaBest\160.bmp = C:\monalisaBest\160.bmp
		C:\monalisaBest\1600.bmp = C:\monalisaBest\1600.bmp
		C:\monalisaBest\1602.bmp = C:\monalisaBest\1602.bmp
		C:\monalisaBest\1622.bmp = C:\monalisaBest\1622.bmp
		C:\monalisaBest\164.bmp = C:\monalisaBest\164.bmp
		C:\monalisaBest\168.bmp = C:\monalisaBest\168.bmp
		C:\monalisaBest\17.bmp = C:\monalisaBest\17.bmp
		C:\monalisaBest\1706.bmp = C:\monalisaBest\1706.bmp
		C:\monalisaBest\1730.bmp = C:\monalisaBest\1730.bmp
		C:\monalisaBest\1790.bmp = C:\monalisaBest\1790.bmp
		C:\monalisaBest\18.bmp = C:\monalisaBest\18.bmp
		C:\monalisaBest\1817.bmp = C:\monalisaBest\1817.bmp
		C:\monalisaBest\1855.bmp = C:\monalisaBest\1855.bmp
		C:\monalisaBest\19.bmp = C:\monalisaBest\19.bmp
		C:\monalisaBest\191.bmp = C:\monalisaBest\191.bmp
		C:\monalisaBest\1917.bmp = C:\monalisaBest\1917.bmp
		C:\monalisaBest\193.bmp = C:\monalisaBest\193.bmp
		C:\monalisaBest\1938.bmp = C:\monalisaBest\1938.bmp
		C:\monalisaBest\1977.bmp = C:\monalisaBest\1977.bmp
		C:\monalisaBest\199.bmp = C:\monalisaBest\199.bmp
		C:\monalisaBest\2.bmp = C:\monalisaBest\2.bmp
		C:\monalisaBest\202.bmp = C:\monalisaBest\202.bmp
		C:\monalisaBest\2030.bmp = C:\monalisaBest\2030.bmp
		C:\monalisaBest\2045.bmp = C:\monalisaBest\2045.bmp
		C:\monalisaBest\21.bmp = C:\monalisaBest\21.bmp
		C:\monalisaBest\216.bmp = C:\monalisaBest\216.bmp
		C:\monalisaBest\22.bmp = C:\monalisaBest\22.bmp
		C:\monalisaBest\221.bmp = C:\monalisaBest\221.bmp
		C:\monalisaBest\2255.bmp = C:\monalisaBest\2255.bmp
		C:\monalisaBest\2296.bmp = C:\monalisaBest\2296.bmp
		C:\monalisaBest\23.bmp = C:\monalisaBest\23.bmp
		C:\monalisaBest\233.bmp = C:\monalisaBest\233.bmp
		C:\monalisaBest\234.bmp = C:\monalisaBest\234.bmp
		C:\monalisaBest\235.bmp = C:\monalisaBest\235.bmp
		C:\monalisaBest\2364.bmp = C:\monalisaBest\2364.bmp
		C:\monalisaBest\2391.bmp = C:\monalisaBest\2391.bmp
		C:\monalisaBest\244.bmp = C:\monalisaBest\244.bmp
		C:\monalisaBest\2448.bmp = C:\monalisaBest\2448.bmp
		C:\monalisaBest\2479.bmp = C:\monalisaBest\2479.bmp
		C:\monalisaBest\249.bmp = C:\monalisaBest\249.bmp
		C:\monalisaBest\25.bmp = C:\monalisaBest\25.bmp
		C:\monalisaBest\2593.bmp = C:\monalisaBest\2593.bmp
		C:\monalisaBest\26.bmp = C:\monalisaBest\26.bmp
		C:\monalisaBest\260.bmp = C:\monalisaBest\260.bmp
		C:\monalisaBest\262.bmp = C:\monalisaBest\262.bmp
		C:\monalisaBest\2641.bmp = C:\monalisaBest\2641.bmp
		C:\monalisaBest\2657.bmp = C:\monalisaBest\2657.bmp
		C:\monalisaBest\271.bmp = C:\monalisaBest\271.bmp
		C:\monalisaBest\2765.bmp = C:\monalisaBest\2765.bmp
		C:\monalisaBest\278.bmp = C:\monalisaBest\278.bmp
		C:\monalisaBest\28.bmp = C:\monalisaBest\28.bmp
		C:\monalisaBest\280.bmp = C:\monalisaBest\280.bmp
		C:\monalisaBest\288.bmp = C:\monalisaBest\288.bmp
		C:\monalisaBest\2886.bmp = C:\monalisaBest\2886.bmp
		C:\monalisaBest\29.bmp = C:\monalisaBest\29.bmp
		C:\monalisaBest\299.bmp = C:\monalisaBest\299.bmp
		C:\monalisaBest\3.bmp = C:\monalisaBest\3.bmp
		C:\monalisaBest\30.bmp = C:\monalisaBest\30.bmp
		C:\monalisaBest\3002.bmp = C:\monalisaBest\3002.bmp
		C:\monalisaBest\303.bmp = C:\monalisaBest\303.bmp
		C:\monalisaBest\309.bmp = C:\monalisaBest\309.bmp
		C:\monalisaBest\31.bmp = C:\monalisaBest\31.bmp
		C:\monalisaBest\3126.bmp = C:\monalisaBest\3126.bmp
		C:\monalisaBest\32.bmp = C:\monalisaBest\32.bmp
		C:\monalisaBest\323.bmp = C:\monalisaBest\323.bmp
		C:\monalisaBest\324.bmp = C:\monalisaBest\324.bmp
		C:\monalisaBest\3257.bmp = C:\monalisaBest\3257.bmp
		C:\monalisaBest\3296.bmp = C:\monalisaBest\3296.bmp
		C:\monalisaBest\33.bmp = C:\monalisaBest\33.bmp
		C:\monalisaBest\3347.bmp = C:\monalisaBest\3347.bmp
		C:\monalisaBest\3376.bmp = C:\monalisaBest\3376.bmp
		C:\monalisaBest\34.bmp = C:\monalisaBest\34.bmp
		C:\monalisaBest\3408.bmp = C:\monalisaBest\3408.bmp
		C:\monalisaBest\342.bmp = C:\monalisaBest\342.bmp
		C:\monalisaBest\35.bmp = C:\monalisaBest\35.bmp
		C:\monalisaBest\351.bmp = C:\monalisaBest\351.bmp
		C:\monalisaBest\36.bmp = C:\monalisaBest\36.bmp
		C:\monalisaBest\360.bmp = C:\monalisaBest\360.bmp
		C:\monalisaBest\3601.bmp = C:\monalisaBest\3601.bmp
		C:\monalisaBest\3646.bmp = C:\monalisaBest\3646.bmp
		C:\monalisaBest\369.bmp = C:\monalisaBest\369.bmp
		C:\monalisaBest\37.bmp = C:\monalisaBest\37.bmp
		C:\monalisaBest\374.bmp = C:\monalisaBest\374.bmp
		C:\monalisaBest\38.bmp = C:\monalisaBest\38.bmp
		C:\monalisaBest\3898.bmp = C:\monalisaBest\3898.bmp
		C:\monalisaBest\39.bmp = C:\monalisaBest\39.bmp
		C:\monalisaBest\4.bmp = C:\monalisaBest\4.bmp
		C:\monalisaBest\40.bmp = C:\monalisaBest\40.bmp
		C:\monalisaBest\41.bmp = C:\monalisaBest\41.bmp
		C:\monalisaBest\4175.bmp = C:\monalisaBest\4175.bmp
		C:\monalisaBest\42.bmp = C:\monalisaBest\42.bmp
		C:\monalisaBest\4210.bmp = C:\monalisaBest\4210.bmp
		C:\monalisaBest\425.bmp = C:\monalisaBest\425.bmp
		C:\monalisaBest\430.bmp = C:\monalisaBest\430.bmp
		C:\monalisaBest\4396.bmp = C:\monalisaBest\4396.bmp
		C:\monalisaBest\4458.bmp = C:\monalisaBest\4458.bmp
		C:\monalisaBest\45.bmp = C:\monalisaBest\45.bmp
		C:\monalisaBest\4523.bmp = C:\monalisaBest\4523.bmp
		C:\monalisaBest\46.bmp = C:\monalisaBest\46.bmp
		C:\monalisaBest\4663.bmp = C:\monalisaBest\4663.bmp
		C:\monalisaBest\470.bmp = C:\monalisaBest\470.bmp
		C:\monalisaBest\479.bmp = C:\monalisaBest\479.bmp
		C:\monalisaBest\48.bmp = C:\monalisaBest\48.bmp
		C:\monalisaBest\480.bmp = C:\monalisaBest\480.bmp
		C:\monalisaBest\489.bmp = C:\monalisaBest\489.bmp
		C:\monalisaBest\49.bmp = C:\monalisaBest\49.bmp
		C:\monalisaBest\5.bmp = C:\monalisaBest\5.bmp
		C:\monalisaBest\50.bmp = C:\monalisaBest\50.bmp
		C:\monalisaBest\5026.bmp = C:\monalisaBest\5026.bmp
		C:\monalisaBest\51.bmp = C:\monalisaBest\51.bmp
		C:\monalisaBest\52.bmp = C:\monalisaBest\52.bmp
		C:\monalisaBest\525.bmp = C:\monalisaBest\525.bmp
		C:\monalisaBest\53.bmp = C:\monalisaBest\53.bmp
		C:\monalisaBest\5319.bmp = C:\monalisaBest\5319.bmp
		C:\monalisaBest\5321.bmp = C:\monalisaBest\5321.bmp
		C:\monalisaBest\54.bmp = C:\monalisaBest\54.bmp
		C:\monalisaBest\55.bmp = C:\monalisaBest\55.bmp
		C:\monalisaBest\5565.bmp = C:\monalisaBest\5565.bmp
		C:\monalisaBest\56.bmp = C:\monalisaBest\56.bmp
		C:\monalisaBest\5624.bmp = C:\monalisaBest\5624.bmp
		C:\monalisaBest\571.bmp = C:\monalisaBest\571.bmp
		C:\monalisaBest\574.bmp = C:\monalisaBest\574.bmp
		C:\monalisaBest\5750.bmp = C:\monalisaBest\5750.bmp
		C:\monalisaBest\58.bmp = C:\monalisaBest\58.bmp
		C:\monalisaBest\584.bmp = C:\monalisaBest\584.bmp
		C:\monalisaBest\5917.bmp = C:\monalisaBest\5917.bmp
		C:\monalisaBest\6.bmp = C:\monalisaBest\6.bmp
		C:\monalisaBest\60.bmp = C:\monalisaBest\60.bmp
		C:\monalisaBest\61.bmp = C:\monalisaBest\61.bmp
		C:\monalisaBest\6108.bmp = C:\monalisaBest\6108.bmp
		C:\monalisaBest\616.bmp = C:\monalisaBest\616.bmp
		C:\monalisaBest\62.bmp = C:\monalisaBest\62.bmp
		C:\monalisaBest\627.bmp = C:\monalisaBest\627.bmp
		C:\monalisaBest\6286.bmp = C:\monalisaBest\6286.bmp
		C:\monalisaBest\6427.bmp = C:\monalisaBest\6427.bmp
		C:\monalisaBest\646.bmp = C:\monalisaBest\646.bmp
		C:\monalisaBest\658.bmp = C:\monalisaBest\658.bmp
		C:\monalisaBest\67.bmp = C:\monalisaBest\67.bmp
		C:\monalisaBest\69.bmp = C:\monalisaBest\69.bmp
		C:\monalisaBest\7.bmp = C:\monalisaBest\7.bmp
		C:\monalisaBest\71.bmp = C:\monalisaBest\71.bmp
		C:\monalisaBest\7192.bmp = C:\monalisaBest\7192.bmp
		C:\monalisaBest\72.bmp = C:\monalisaBest\72.bmp
		C:\monalisaBest\7230.bmp = C:\monalisaBest\7230.bmp
		C:\monalisaBest\73.bmp = C:\monalisaBest\73.bmp
		C:\monalisaBest\735.bmp = C:\monalisaBest\735.bmp
		C:\monalisaBest\738.bmp = C:\monalisaBest\738.bmp
		C:\monalisaBest\74.bmp = C:\monalisaBest\74.bmp
		C:\monalisaBest\740.bmp = C:\monalisaBest\740.bmp
		C:\monalisaBest\758.bmp = C:\monalisaBest\758.bmp
		C:\monalisaBest\7597.bmp = C:\monalisaBest\7597.bmp
		C:\monalisaBest\76.bmp = C:\monalisaBest\76.bmp
		C:\monalisaBest\769.bmp = C:\monalisaBest\769.bmp
		C:\monalisaBest\77.bmp = C:\monalisaBest\77.bmp
		C:\monalisaBest\78.bmp = C:\monalisaBest\78.bmp
		C:\monalisaBest\79.bmp = C:\monalisaBest\79.bmp
		C:\monalisaBest\8.bmp = C:\monalisaBest\8.bmp
		C:\monalisaBest\81.bmp = C:\monalisaBest\81.bmp
		C:\monalisaBest\8387.bmp = C:\monalisaBest\8387.bmp
		C:\monalisaBest\85.bmp = C:\monalisaBest\85.bmp
		C:\monalisaBest\851.bmp = C:\monalisaBest\851.bmp
		C:\monalisaBest\8534.bmp = C:\monalisaBest\8534.bmp
		C:\monalisaBest\86.bmp = C:\monalisaBest\86.bmp
		C:\monalisaBest\876.bmp = C:\monalisaBest\876.bmp
		C:\monalisaBest\89.bmp = C:\monalisaBest\89.bmp
		C:\monalisaBest\899.bmp = C:\monalisaBest\899.bmp
		C:\monalisaBest\9.bmp = C:\monalisaBest\9.bmp
		C:\monalisaBest\91.bmp = C:\monalisaBest\91.bmp
		C:\monalisaBest\921.bmp = C:\monalisaBest\921.bmp
		C:\monalisaBest\93.bmp = C:\monalisaBest\93.bmp
		C:\monalisaBest\94.bmp = C:\monalisaBest\94.bmp
		C:\monalisaBest\95.bmp = C:\monalisaBest\95.bmp
		C:\monalisaBest\950.bmp = C:\monalisaBest\950.bmp
		C:\monalisaBest\973.bmp = C:\monalisaBest\973.bmp
		C:\Users\Dalysama\Desktop\aviFileWrapperDemo_src\AviDemo\testdata\Resume.avi = C:\Users\Dalysama\Desktop\aviFileWrapperDemo_src\AviDemo\testdata\Resume.avi
	EndProjectSection
EndProject
Global
	GlobalSection(SolutionConfigurationPlatforms) = preSolution
		Debug|Any CPU = Debug|Any CPU
		Release|Any CPU = Release|Any CPU
	EndGlobalSection
	GlobalSection(ProjectConfigurationPlatforms) = postSolution
		{BD28CB88-2913-4123-BDD8-9CEF59B82E5D}.Debug|Any CPU.ActiveCfg = Debug|Any CPU
		{BD28CB88-2913-4123-BDD8-9CEF59B82E5D}.Debug|Any CPU.Build.0 = Debug|Any CPU
		{BD28CB88-2913-4123-BDD8-9CEF59B82E5D}.Release|Any CPU.ActiveCfg = Release|Any CPU
		{BD28CB88-2913-4123-BDD8-9CEF59B82E5D}.Release|Any CPU.Build.0 = Release|Any CPU
	EndGlobalSection
	GlobalSection(SolutionProperties) = preSolution
		HideSolutionNode = FALSE
	EndGlobalSection
	GlobalSection(ExtensibilityGlobals) = postSolution
		SolutionGuid = {DAEEA7FD-BF29-430A-9C04-C48F97AC27C3}
	EndGlobalSection
EndGlobal
