
Microsoft Visual Studio Solution File, Format Version 12.00
# Visual Studio 15
VisualStudioVersion = 15.0.28010.2046
MinimumVisualStudioVersion = 10.0.40219.1
Project("{FAE04EC0-301F-11D3-BF4B-00C04F79EFBC}") = "AIPainter", "AIDrawer\AIPainter.csproj", "{BD28CB88-2913-4123-BDD8-9CEF59B82E5D}"
EndProject
Global
	GlobalSection(SolutionConfigurationPlatforms) = preSolution
		Debug|Any CPU = Debug|Any CPU
		Release|Any CPU = Release|Any CPU
	EndGlobalSection
	GlobalSection(ProjectConfigurationPlatforms) = postSolution
		{BD28CB88-2913-4123-BDD8-9CEF59B82E5D}.Debug|Any CPU.ActiveCfg = Debug|Any CPU
		{BD28CB88-2913-4123-BDD8-9CEF59B82E5D}.Debug|Any CPU.Build.0 = Debug|Any CPU
		{BD28CB88-2913-4123-BDD8-9CEF59B82E5D}.Release|Any CPU.ActiveCfg = Release|Any CPU
		{BD28CB88-2913-4123-BDD8-9CEF59B82E5D}.Release|Any CPU.Build.0 = Release|Any CPU
	EndGlobalSection
	GlobalSection(SolutionProperties) = preSolution
		HideSolutionNode = FALSE
	EndGlobalSection
	GlobalSection(ExtensibilityGlobals) = postSolution
		SolutionGuid = {DAEEA7FD-BF29-430A-9C04-C48F97AC27C3}
	EndGlobalSection
EndGlobal
